
Microsoft Visual Studio Solution File, Format Version 12.00
# Visual Studio Version 16
VisualStudioVersion = 16.0.31321.278
MinimumVisualStudioVersion = 10.0.40219.1
Project("{FAE04EC0-301F-11D3-BF4B-00C04F79EFBC}") = "SIMS-Projekat-Bolnica-Zdravo", "SIMS-Projekat-Bolnica-Zdravo.csproj", "{BAD495B7-79B5-43C8-82EE-54BD4E7C9514}"
EndProject
Global
	GlobalSection(SolutionConfigurationPlatforms) = preSolution
		Debug|Any CPU = Debug|Any CPU
		Release|Any CPU = Release|Any CPU
	EndGlobalSection
	GlobalSection(ProjectConfigurationPlatforms) = postSolution
		{BAD495B7-79B5-43C8-82EE-54BD4E7C9514}.Debug|Any CPU.ActiveCfg = Debug|Any CPU
		{BAD495B7-79B5-43C8-82EE-54BD4E7C9514}.Debug|Any CPU.Build.0 = Debug|Any CPU
		{BAD495B7-79B5-43C8-82EE-54BD4E7C9514}.Release|Any CPU.ActiveCfg = Release|Any CPU
		{BAD495B7-79B5-43C8-82EE-54BD4E7C9514}.Release|Any CPU.Build.0 = Release|Any CPU
	EndGlobalSection
	GlobalSection(SolutionProperties) = preSolution
		HideSolutionNode = FALSE
	EndGlobalSection
	GlobalSection(ExtensibilityGlobals) = postSolution
		SolutionGuid = {88F32BE5-EDD8-469F-A9DC-F42EB4748BFA}
	EndGlobalSection
EndGlobal
